
Microsoft Visual Studio Solution File, Format Version 12.00
# Visual Studio Version 17
VisualStudioVersion = 17.1.32328.378
MinimumVisualStudioVersion = 10.0.40219.1
Project("{FAE04EC0-301F-11D3-BF4B-00C04F79EFBC}") = "HTMbackend", "HTMbackend.csproj", "{F52ED6FA-4D80-4244-B21A-D11D5D9BBE33}"
EndProject
Global
	GlobalSection(SolutionConfigurationPlatforms) = preSolution
		Debug|Any CPU = Debug|Any CPU
		Release|Any CPU = Release|Any CPU
	EndGlobalSection
	GlobalSection(ProjectConfigurationPlatforms) = postSolution
		{F52ED6FA-4D80-4244-B21A-D11D5D9BBE33}.Debug|Any CPU.ActiveCfg = Debug|Any CPU
		{F52ED6FA-4D80-4244-B21A-D11D5D9BBE33}.Debug|Any CPU.Build.0 = Debug|Any CPU
		{F52ED6FA-4D80-4244-B21A-D11D5D9BBE33}.Release|Any CPU.ActiveCfg = Release|Any CPU
		{F52ED6FA-4D80-4244-B21A-D11D5D9BBE33}.Release|Any CPU.Build.0 = Release|Any CPU
	EndGlobalSection
	GlobalSection(SolutionProperties) = preSolution
		HideSolutionNode = FALSE
	EndGlobalSection
	GlobalSection(ExtensibilityGlobals) = postSolution
		SolutionGuid = {B1851014-DC1F-4AE5-94C1-A706D8AD2E97}
	EndGlobalSection
EndGlobal
